// !$*UTF8*$!
{
	archiveVersion = 1;
	classes = {
	};
	objectVersion = 50;
	objects = {

/* Begin PBXBuildFile section */
		A6183EA523DA84C20031731B /* AppDelegate.swift in Sources */ = {isa = PBXBuildFile; fileRef = A6183EA423DA84C20031731B /* AppDelegate.swift */; };
		A6183EA723DA84C20031731B /* SceneDelegate.swift in Sources */ = {isa = PBXBuildFile; fileRef = A6183EA623DA84C20031731B /* SceneDelegate.swift */; };
		A6183EA923DA84C20031731B /* ViewController.swift in Sources */ = {isa = PBXBuildFile; fileRef = A6183EA823DA84C20031731B /* ViewController.swift */; };
		A6183EAC23DA84C20031731B /* Main.storyboard in Resources */ = {isa = PBXBuildFile; fileRef = A6183EAA23DA84C20031731B /* Main.storyboard */; };
		A6183EAE23DA84CD0031731B /* Assets.xcassets in Resources */ = {isa = PBXBuildFile; fileRef = A6183EAD23DA84CD0031731B /* Assets.xcassets */; };
		A6183EB123DA84CD0031731B /* LaunchScreen.storyboard in Resources */ = {isa = PBXBuildFile; fileRef = A6183EAF23DA84CD0031731B /* LaunchScreen.storyboard */; };
		A6183EBC23DA84CD0031731B /* flixsterTests.swift in Sources */ = {isa = PBXBuildFile; fileRef = A6183EBB23DA84CD0031731B /* flixsterTests.swift */; };
		A6183EC723DA84CD0031731B /* flixsterUITests.swift in Sources */ = {isa = PBXBuildFile; fileRef = A6183EC623DA84CD0031731B /* flixsterUITests.swift */; };
/* End PBXBuildFile section */

/* Begin PBXContainerItemProxy section */
		A6183EB823DA84CD0031731B /* PBXContainerItemProxy */ = {
			isa = PBXContainerItemProxy;
			containerPortal = A6183E9923DA84C20031731B /* Project object */;
			proxyType = 1;
			remoteGlobalIDString = A6183EA023DA84C20031731B;
			remoteInfo = flixster;
		};
		A6183EC323DA84CD0031731B /* PBXContainerItemProxy */ = {
			isa = PBXContainerItemProxy;
			containerPortal = A6183E9923DA84C20031731B /* Project object */;
			proxyType = 1;
			remoteGlobalIDString = A6183EA023DA84C20031731B;
			remoteInfo = flixster;
		};
/* End PBXContainerItemProxy section */

/* Begin PBXFileReference section */
		A6183EA123DA84C20031731B /* flixster.app */ = {isa = PBXFileReference; explicitFileType = wrapper.application; includeInIndex = 0; path = flixster.app; sourceTree = BUILT_PRODUCTS_DIR; };
		A6183EA423DA84C20031731B /* AppDelegate.swift */ = {isa = PBXFileReference; lastKnownFileType = sourcecode.swift; path = AppDelegate.swift; sourceTree = "<group>"; };
		A6183EA623DA84C20031731B /* SceneDelegate.swift */ = {isa = PBXFileReference; lastKnownFileType = sourcecode.swift; path = SceneDelegate.swift; sourceTree = "<group>"; };
		A6183EA823DA84C20031731B /* ViewController.swift */ = {isa = PBXFileReference; lastKnownFileType = sourcecode.swift; path = ViewController.swift; sourceTree = "<group>"; };
		A6183EAB23DA84C20031731B /* Base */ = {isa = PBXFileReference; lastKnownFileType = file.storyboard; name = Base; path = Base.lproj/Main.storyboard; sourceTree = "<group>"; };
		A6183EAD23DA84CD0031731B /* Assets.xcassets */ = {isa = PBXFileReference; lastKnownFileType = folder.assetcatalog; path = Assets.xcassets; sourceTree = "<group>"; };
		A6183EB023DA84CD0031731B /* Base */ = {isa = PBXFileReference; lastKnownFileType = file.storyboard; name = Base; path = Base.lproj/LaunchScreen.storyboard; sourceTree = "<group>"; };
		A6183EB223DA84CD0031731B /* Info.plist */ = {isa = PBXFileReference; lastKnownFileType = text.plist.xml; path = Info.plist; sourceTree = "<group>"; };
		A6183EB723DA84CD0031731B /* flixsterTests.xctest */ = {isa = PBXFileReference; explicitFileType = wrapper.cfbundle; includeInIndex = 0; path = flixsterTests.xctest; sourceTree = BUILT_PRODUCTS_DIR; };
		A6183EBB23DA84CD0031731B /* flixsterTests.swift */ = {isa = PBXFileReference; lastKnownFileType = sourcecode.swift; path = flixsterTests.swift; sourceTree = "<group>"; };
		A6183EBD23DA84CD0031731B /* Info.plist */ = {isa = PBXFileReference; lastKnownFileType = text.plist.xml; path = Info.plist; sourceTree = "<group>"; };
		A6183EC223DA84CD0031731B /* flixsterUITests.xctest */ = {isa = PBXFileReference; explicitFileType = wrapper.cfbundle; includeInIndex = 0; path = flixsterUITests.xctest; sourceTree = BUILT_PRODUCTS_DIR; };
		A6183EC623DA84CD0031731B /* flixsterUITests.swift */ = {isa = PBXFileReference; lastKnownFileType = sourcecode.swift; path = flixsterUITests.swift; sourceTree = "<group>"; };
		A6183EC823DA84CD0031731B /* Info.plist */ = {isa = PBXFileReference; lastKnownFileType = text.plist.xml; path = Info.plist; sourceTree = "<group>"; };
/* End PBXFileReference section */

/* Begin PBXFrameworksBuildPhase section */
		A6183E9E23DA84C20031731B /* Frameworks */ = {
			isa = PBXFrameworksBuildPhase;
			buildActionMask = 2147483647;
			files = (
			);
			runOnlyForDeploymentPostprocessing = 0;
		};
		A6183EB423DA84CD0031731B /* Frameworks */ = {
			isa = PBXFrameworksBuildPhase;
			buildActionMask = 2147483647;
			files = (
			);
			runOnlyForDeploymentPostprocessing = 0;
		};
		A6183EBF23DA84CD0031731B /* Frameworks */ = {
			isa = PBXFrameworksBuildPhase;
			buildActionMask = 2147483647;
			files = (
			);
			runOnlyForDeploymentPostprocessing = 0;
		};
/* End PBXFrameworksBuildPhase section */

/* Begin PBXGroup section */
		A6183E9823DA84C20031731B = {
			isa = PBXGroup;
			children = (
				A6183EA323DA84C20031731B /* flixster */,
				A6183EBA23DA84CD0031731B /* flixsterTests */,
				A6183EC523DA84CD0031731B /* flixsterUITests */,
				A6183EA223DA84C20031731B /* Products */,
			);
			sourceTree = "<group>";
		};
		A6183EA223DA84C20031731B /* Products */ = {
			isa = PBXGroup;
			children = (
				A6183EA123DA84C20031731B /* flixster.app */,
				A6183EB723DA84CD0031731B /* flixsterTests.xctest */,
				A6183EC223DA84CD0031731B /* flixsterUITests.xctest */,
			);
			name = Products;
			sourceTree = "<group>";
		};
		A6183EA323DA84C20031731B /* flixster */ = {
			isa = PBXGroup;
			children = (
				A6183EA423DA84C20031731B /* AppDelegate.swift */,
				A6183EA623DA84C20031731B /* SceneDelegate.swift */,
				A6183EA823DA84C20031731B /* ViewController.swift */,
				A6183EAA23DA84C20031731B /* Main.storyboard */,
				A6183EAD23DA84CD0031731B /* Assets.xcassets */,
				A6183EAF23DA84CD0031731B /* LaunchScreen.storyboard */,
				A6183EB223DA84CD0031731B /* Info.plist */,
			);
			path = flixster;
			sourceTree = "<group>";
		};
		A6183EBA23DA84CD0031731B /* flixsterTests */ = {
			isa = PBXGroup;
			children = (
				A6183EBB23DA84CD0031731B /* flixsterTests.swift */,
				A6183EBD23DA84CD0031731B /* Info.plist */,
			);
			path = flixsterTests;
			sourceTree = "<group>";
		};
		A6183EC523DA84CD0031731B /* flixsterUITests */ = {
			isa = PBXGroup;
			children = (
				A6183EC623DA84CD0031731B /* flixsterUITests.swift */,
				A6183EC823DA84CD0031731B /* Info.plist */,
			);
			path = flixsterUITests;
			sourceTree = "<group>";
		};
/* End PBXGroup section */

/* Begin PBXNativeTarget section */
		A6183EA023DA84C20031731B /* flixster */ = {
			isa = PBXNativeTarget;
			buildConfigurationList = A6183ECB23DA84CD0031731B /* Build configuration list for PBXNativeTarget "flixster" */;
			buildPhases = (
				A6183E9D23DA84C20031731B /* Sources */,
				A6183E9E23DA84C20031731B /* Frameworks */,
				A6183E9F23DA84C20031731B /* Resources */,
			);
			buildRules = (
			);
			dependencies = (
			);
			name = flixster;
			productName = flixster;
			productReference = A6183EA123DA84C20031731B /* flixster.app */;
			productType = "com.apple.product-type.application";
		};
		A6183EB623DA84CD0031731B /* flixsterTests */ = {
			isa = PBXNativeTarget;
			buildConfigurationList = A6183ECE23DA84CD0031731B /* Build configuration list for PBXNativeTarget "flixsterTests" */;
			buildPhases = (
				A6183EB323DA84CD0031731B /* Sources */,
				A6183EB423DA84CD0031731B /* Frameworks */,
				A6183EB523DA84CD0031731B /* Resources */,
			);
			buildRules = (
			);
			dependencies = (
				A6183EB923DA84CD0031731B /* PBXTargetDependency */,
			);
			name = flixsterTests;
			productName = flixsterTests;
			productReference = A6183EB723DA84CD0031731B /* flixsterTests.xctest */;
			productType = "com.apple.product-type.bundle.unit-test";
		};
		A6183EC123DA84CD0031731B /* flixsterUITests */ = {
			isa = PBXNativeTarget;
			buildConfigurationList = A6183ED123DA84CD0031731B /* Build configuration list for PBXNativeTarget "flixsterUITests" */;
			buildPhases = (
				A6183EBE23DA84CD0031731B /* Sources */,
				A6183EBF23DA84CD0031731B /* Frameworks */,
				A6183EC023DA84CD0031731B /* Resources */,
			);
			buildRules = (
			);
			dependencies = (
				A6183EC423DA84CD0031731B /* PBXTargetDependency */,
			);
			name = flixsterUITests;
			productName = flixsterUITests;
			productReference = A6183EC223DA84CD0031731B /* flixsterUITests.xctest */;
			productType = "com.apple.product-type.bundle.ui-testing";
		};
/* End PBXNativeTarget section */

/* Begin PBXProject section */
		A6183E9923DA84C20031731B /* Project object */ = {
			isa = PBXProject;
			attributes = {
				LastSwiftUpdateCheck = 1130;
				LastUpgradeCheck = 1130;
				ORGANIZATIONNAME = "mac air";
				TargetAttributes = {
					A6183EA023DA84C20031731B = {
						CreatedOnToolsVersion = 11.3.1;
					};
					A6183EB623DA84CD0031731B = {
						CreatedOnToolsVersion = 11.3.1;
						TestTargetID = A6183EA023DA84C20031731B;
					};
					A6183EC123DA84CD0031731B = {
						CreatedOnToolsVersion = 11.3.1;
						TestTargetID = A6183EA023DA84C20031731B;
					};
				};
			};
			buildConfigurationList = A6183E9C23DA84C20031731B /* Build configuration list for PBXProject "flixster" */;
			compatibilityVersion = "Xcode 9.3";
			developmentRegion = en;
			hasScannedForEncodings = 0;
			knownRegions = (
				en,
				Base,
			);
			mainGroup = A6183E9823DA84C20031731B;
			productRefGroup = A6183EA223DA84C20031731B /* Products */;
			projectDirPath = "";
			projectRoot = "";
			targets = (
				A6183EA023DA84C20031731B /* flixster */,
				A6183EB623DA84CD0031731B /* flixsterTests */,
				A6183EC123DA84CD0031731B /* flixsterUITests */,
			);
		};
/* End PBXProject section */

/* Begin PBXResourcesBuildPhase section */
		A6183E9F23DA84C20031731B /* Resources */ = {
			isa = PBXResourcesBuildPhase;
			buildActionMask = 2147483647;
			files = (
				A6183EB123DA84CD0031731B /* LaunchScreen.storyboard in Resources */,
				A6183EAE23DA84CD0031731B /* Assets.xcassets in Resources */,
				A6183EAC23DA84C20031731B /* Main.storyboard in Resources */,
			);
			runOnlyForDeploymentPostprocessing = 0;
		};
		A6183EB523DA84CD0031731B /* Resources */ = {
			isa = PBXResourcesBuildPhase;
			buildActionMask = 2147483647;
			files = (
			);
			runOnlyForDeploymentPostprocessing = 0;
		};
		A6183EC023DA84CD0031731B /* Resources */ = {
			isa = PBXResourcesBuildPhase;
			buildActionMask = 2147483647;
			files = (
			);
			runOnlyForDeploymentPostprocessing = 0;
		};
/* End PBXResourcesBuildPhase section */

/* Begin PBXSourcesBuildPhase section */
		A6183E9D23DA84C20031731B /* Sources */ = {
			isa = PBXSourcesBuildPhase;
			buildActionMask = 2147483647;
			files = (
				A6183EA923DA84C20031731B /* ViewController.swift in Sources */,
				A6183EA523DA84C20031731B /* AppDelegate.swift in Sources */,
				A6183EA723DA84C20031731B /* SceneDelegate.swift in Sources */,
			);
			runOnlyForDeploymentPostprocessing = 0;
		};
		A6183EB323DA84CD0031731B /* Sources */ = {
			isa = PBXSourcesBuildPhase;
			buildActionMask = 2147483647;
			files = (
				A6183EBC23DA84CD0031731B /* flixsterTests.swift in Sources */,
			);
			runOnlyForDeploymentPostprocessing = 0;
		};
		A6183EBE23DA84CD0031731B /* Sources */ = {
			isa = PBXSourcesBuildPhase;
			buildActionMask = 2147483647;
			files = (
				A6183EC723DA84CD0031731B /* flixsterUITests.swift in Sources */,
			);
			runOnlyForDeploymentPostprocessing = 0;
		};
/* End PBXSourcesBuildPhase section */

/* Begin PBXTargetDependency section */
		A6183EB923DA84CD0031731B /* PBXTargetDependency */ = {
			isa = PBXTargetDependency;
			target = A6183EA023DA84C20031731B /* flixster */;
			targetProxy = A6183EB823DA84CD0031731B /* PBXContainerItemProxy */;
		};
		A6183EC423DA84CD0031731B /* PBXTargetDependency */ = {
			isa = PBXTargetDependency;
			target = A6183EA023DA84C20031731B /* flixster */;
			targetProxy = A6183EC323DA84CD0031731B /* PBXContainerItemProxy */;
		};
/* End PBXTargetDependency section */

/* Begin PBXVariantGroup section */
		A6183EAA23DA84C20031731B /* Main.storyboard */ = {
			isa = PBXVariantGroup;
			children = (
				A6183EAB23DA84C20031731B /* Base */,
			);
			name = Main.storyboard;
			sourceTree = "<group>";
		};
		A6183EAF23DA84CD0031731B /* LaunchScreen.storyboard */ = {
			isa = PBXVariantGroup;
			children = (
				A6183EB023DA84CD0031731B /* Base */,
			);
			name = LaunchScreen.storyboard;
			sourceTree = "<group>";
		};
/* End PBXVariantGroup section */

/* Begin XCBuildConfiguration section */
		A6183EC923DA84CD0031731B /* Debug */ = {
			isa = XCBuildConfiguration;
			buildSettings = {
				ALWAYS_SEARCH_USER_PATHS = NO;
				CLANG_ANALYZER_NONNULL = YES;
				CLANG_ANALYZER_NUMBER_OBJECT_CONVERSION = YES_AGGRESSIVE;
				CLANG_CXX_LANGUAGE_STANDARD = "gnu++14";
				CLANG_CXX_LIBRARY = "libc++";
				CLANG_ENABLE_MODULES = YES;
				CLANG_ENABLE_OBJC_ARC = YES;
				CLANG_ENABLE_OBJC_WEAK = YES;
				CLANG_WARN_BLOCK_CAPTURE_AUTORELEASING = YES;
				CLANG_WARN_BOOL_CONVERSION = YES;
				CLANG_WARN_COMMA = YES;
				CLANG_WARN_CONSTANT_CONVERSION = YES;
				CLANG_WARN_DEPRECATED_OBJC_IMPLEMENTATIONS = YES;
				CLANG_WARN_DIRECT_OBJC_ISA_USAGE = YES_ERROR;
				CLANG_WARN_DOCUMENTATION_COMMENTS = YES;
				CLANG_WARN_EMPTY_BODY = YES;
				CLANG_WARN_ENUM_CONVERSION = YES;
				CLANG_WARN_INFINITE_RECURSION = YES;
				CLANG_WARN_INT_CONVERSION = YES;
				CLANG_WARN_NON_LITERAL_NULL_CONVERSION = YES;
				CLANG_WARN_OBJC_IMPLICIT_RETAIN_SELF = YES;
				CLANG_WARN_OBJC_LITERAL_CONVERSION = YES;
				CLANG_WARN_OBJC_ROOT_CLASS = YES_ERROR;
				CLANG_WARN_RANGE_LOOP_ANALYSIS = YES;
				CLANG_WARN_STRICT_PROTOTYPES = YES;
				CLANG_WARN_SUSPICIOUS_MOVE = YES;
				CLANG_WARN_UNGUARDED_AVAILABILITY = YES_AGGRESSIVE;
				CLANG_WARN_UNREACHABLE_CODE = YES;
				CLANG_WARN__DUPLICATE_METHOD_MATCH = YES;
				COPY_PHASE_STRIP = NO;
				DEBUG_INFORMATION_FORMAT = dwarf;
				ENABLE_STRICT_OBJC_MSGSEND = YES;
				ENABLE_TESTABILITY = YES;
				GCC_C_LANGUAGE_STANDARD = gnu11;
				GCC_DYNAMIC_NO_PIC = NO;
				GCC_NO_COMMON_BLOCKS = YES;
				GCC_OPTIMIZATION_LEVEL = 0;
				GCC_PREPROCESSOR_DEFINITIONS = (
					"DEBUG=1",
					"$(inherited)",
				);
				GCC_WARN_64_TO_32_BIT_CONVERSION = YES;
				GCC_WARN_ABOUT_RETURN_TYPE = YES_ERROR;
				GCC_WARN_UNDECLARED_SELECTOR = YES;
				GCC_WARN_UNINITIALIZED_AUTOS = YES_AGGRESSIVE;
				GCC_WARN_UNUSED_FUNCTION = YES;
				GCC_WARN_UNUSED_VARIABLE = YES;
				IPHONEOS_DEPLOYMENT_TARGET = 13.2;
				MTL_ENABLE_DEBUG_INFO = INCLUDE_SOURCE;
				MTL_FAST_MATH = YES;
				ONLY_ACTIVE_ARCH = YES;
				SDKROOT = iphoneos;
				SWIFT_ACTIVE_COMPILATION_CONDITIONS = DEBUG;
				SWIFT_OPTIMIZATION_LEVEL = "-Onone";
			};
			name = Debug;
		};
		A6183ECA23DA84CD0031731B /* Release */ = {
			isa = XCBuildConfiguration;
			buildSettings = {
				ALWAYS_SEARCH_USER_PATHS = NO;
				CLANG_ANALYZER_NONNULL = YES;
				CLANG_ANALYZER_NUMBER_OBJECT_CONVERSION = YES_AGGRESSIVE;
				CLANG_CXX_LANGUAGE_STANDARD = "gnu++14";
				CLANG_CXX_LIBRARY = "libc++";
				CLANG_ENABLE_MODULES = YES;
				CLANG_ENABLE_OBJC_ARC = YES;
				CLANG_ENABLE_OBJC_WEAK = YES;
				CLANG_WARN_BLOCK_CAPTURE_AUTORELEASING = YES;
				CLANG_WARN_BOOL_CONVERSION = YES;
				CLANG_WARN_COMMA = YES;
				CLANG_WARN_CONSTANT_CONVERSION = YES;
				CLANG_WARN_DEPRECATED_OBJC_IMPLEMENTATIONS = YES;
				CLANG_WARN_DIRECT_OBJC_ISA_USAGE = YES_ERROR;
				CLANG_WARN_DOCUMENTATION_COMMENTS = YES;
				CLANG_WARN_EMPTY_BODY = YES;
				CLANG_WARN_ENUM_CONVERSION = YES;
				CLANG_WARN_INFINITE_RECURSION = YES;
				CLANG_WARN_INT_CONVERSION = YES;
				CLANG_WARN_NON_LITERAL_NULL_CONVERSION = YES;
				CLANG_WARN_OBJC_IMPLICIT_RETAIN_SELF = YES;
				CLANG_WARN_OBJC_LITERAL_CONVERSION = YES;
				CLANG_WARN_OBJC_ROOT_CLASS = YES_ERROR;
				CLANG_WARN_RANGE_LOOP_ANALYSIS = YES;
				CLANG_WARN_STRICT_PROTOTYPES = YES;
				CLANG_WARN_SUSPICIOUS_MOVE = YES;
				CLANG_WARN_UNGUARDED_AVAILABILITY = YES_AGGRESSIVE;
				CLANG_WARN_UNREACHABLE_CODE = YES;
				CLANG_WARN__DUPLICATE_METHOD_MATCH = YES;
				COPY_PHASE_STRIP = NO;
				DEBUG_INFORMATION_FORMAT = "dwarf-with-dsym";
				ENABLE_NS_ASSERTIONS = NO;
				ENABLE_STRICT_OBJC_MSGSEND = YES;
				GCC_C_LANGUAGE_STANDARD = gnu11;
				GCC_NO_COMMON_BLOCKS = YES;
				GCC_WARN_64_TO_32_BIT_CONVERSION = YES;
				GCC_WARN_ABOUT_RETURN_TYPE = YES_ERROR;
				GCC_WARN_UNDECLARED_SELECTOR = YES;
				GCC_WARN_UNINITIALIZED_AUTOS = YES_AGGRESSIVE;
				GCC_WARN_UNUSED_FUNCTION = YES;
				GCC_WARN_UNUSED_VARIABLE = YES;
				IPHONEOS_DEPLOYMENT_TARGET = 13.2;
				MTL_ENABLE_DEBUG_INFO = NO;
				MTL_FAST_MATH = YES;
				SDKROOT = iphoneos;
				SWIFT_COMPILATION_MODE = wholemodule;
				SWIFT_OPTIMIZATION_LEVEL = "-O";
				VALIDATE_PRODUCT = YES;
			};
			name = Release;
		};
		A6183ECC23DA84CD0031731B /* Debug */ = {
			isa = XCBuildConfiguration;
			buildSettings = {
				ASSETCATALOG_COMPILER_APPICON_NAME = AppIcon;
				CODE_SIGN_STYLE = Automatic;
				INFOPLIST_FILE = flixster/Info.plist;
				LD_RUNPATH_SEARCH_PATHS = (
					"$(inherited)",
					"@executable_path/Frameworks",
				);
				PRODUCT_BUNDLE_IDENTIFIER = com.codepath.flixster;
				PRODUCT_NAME = "$(TARGET_NAME)";
				SWIFT_VERSION = 5.0;
				TARGETED_DEVICE_FAMILY = "1,2";
			};
			name = Debug;
		};
		A6183ECD23DA84CD0031731B /* Release */ = {
			isa = XCBuildConfiguration;
			buildSettings = {
				ASSETCATALOG_COMPILER_APPICON_NAME = AppIcon;
				CODE_SIGN_STYLE = Automatic;
				INFOPLIST_FILE = flixster/Info.plist;
				LD_RUNPATH_SEARCH_PATHS = (
					"$(inherited)",
					"@executable_path/Frameworks",
				);
				PRODUCT_BUNDLE_IDENTIFIER = com.codepath.flixster;
				PRODUCT_NAME = "$(TARGET_NAME)";
				SWIFT_VERSION = 5.0;
				TARGETED_DEVICE_FAMILY = "1,2";
			};
			name = Release;
		};
		A6183ECF23DA84CD0031731B /* Debug */ = {
			isa = XCBuildConfiguration;
			buildSettings = {
				ALWAYS_EMBED_SWIFT_STANDARD_LIBRARIES = YES;
				BUNDLE_LOADER = "$(TEST_HOST)";
				CODE_SIGN_STYLE = Automatic;
				INFOPLIST_FILE = flixsterTests/Info.plist;
				IPHONEOS_DEPLOYMENT_TARGET = 13.2;
				LD_RUNPATH_SEARCH_PATHS = (
					"$(inherited)",
					"@executable_path/Frameworks",
					"@loader_path/Frameworks",
				);
				PRODUCT_BUNDLE_IDENTIFIER = com.codepath.flixsterTests;
				PRODUCT_NAME = "$(TARGET_NAME)";
				SWIFT_VERSION = 5.0;
				TARGETED_DEVICE_FAMILY = "1,2";
				TEST_HOST = "$(BUILT_PRODUCTS_DIR)/flixster.app/flixster";
			};
			name = Debug;
		};
		A6183ED023DA84CD0031731B /* Release */ = {
			isa = XCBuildConfiguration;
			buildSettings = {
				ALWAYS_EMBED_SWIFT_STANDARD_LIBRARIES = YES;
				BUNDLE_LOADER = "$(TEST_HOST)";
				CODE_SIGN_STYLE = Automatic;
				INFOPLIST_FILE = flixsterTests/Info.plist;
				IPHONEOS_DEPLOYMENT_TARGET = 13.2;
				LD_RUNPATH_SEARCH_PATHS = (
					"$(inherited)",
					"@executable_path/Frameworks",
					"@loader_path/Frameworks",
				);
				PRODUCT_BUNDLE_IDENTIFIER = com.codepath.flixsterTests;
				PRODUCT_NAME = "$(TARGET_NAME)";
				SWIFT_VERSION = 5.0;
				TARGETED_DEVICE_FAMILY = "1,2";
				TEST_HOST = "$(BUILT_PRODUCTS_DIR)/flixster.app/flixster";
			};
			name = Release;
		};
		A6183ED223DA84CD0031731B /* Debug */ = {
			isa = XCBuildConfiguration;
			buildSettings = {
				ALWAYS_EMBED_SWIFT_STANDARD_LIBRARIES = YES;
				CODE_SIGN_STYLE = Automatic;
				INFOPLIST_FILE = flixsterUITests/Info.plist;
				LD_RUNPATH_SEARCH_PATHS = (
					"$(inherited)",
					"@executable_path/Frameworks",
					"@loader_path/Frameworks",
				);
				PRODUCT_BUNDLE_IDENTIFIER = com.codepath.flixsterUITests;
				PRODUCT_NAME = "$(TARGET_NAME)";
				SWIFT_VERSION = 5.0;
				TARGETED_DEVICE_FAMILY = "1,2";
				TEST_TARGET_NAME = flixster;
			};
			name = Debug;
		};
		A6183ED323DA84CD0031731B /* Release */ = {
			isa = XCBuildConfiguration;
			buildSettings = {
				ALWAYS_EMBED_SWIFT_STANDARD_LIBRARIES = YES;
				CODE_SIGN_STYLE = Automatic;
				INFOPLIST_FILE = flixsterUITests/Info.plist;
				LD_RUNPATH_SEARCH_PATHS = (
					"$(inherited)",
					"@executable_path/Frameworks",
					"@loader_path/Frameworks",
				);
				PRODUCT_BUNDLE_IDENTIFIER = com.codepath.flixsterUITests;
				PRODUCT_NAME = "$(TARGET_NAME)";
				SWIFT_VERSION = 5.0;
				TARGETED_DEVICE_FAMILY = "1,2";
				TEST_TARGET_NAME = flixster;
			};
			name = Release;
		};
/* End XCBuildConfiguration section */

/* Begin XCConfigurationList section */
		A6183E9C23DA84C20031731B /* Build configuration list for PBXProject "flixster" */ = {
			isa = XCConfigurationList;
			buildConfigurations = (
				A6183EC923DA84CD0031731B /* Debug */,
				A6183ECA23DA84CD0031731B /* Release */,
			);
			defaultConfigurationIsVisible = 0;
			defaultConfigurationName = Release;
		};
		A6183ECB23DA84CD0031731B /* Build configuration list for PBXNativeTarget "flixster" */ = {
			isa = XCConfigurationList;
			buildConfigurations = (
				A6183ECC23DA84CD0031731B /* Debug */,
				A6183ECD23DA84CD0031731B /* Release */,
			);
			defaultConfigurationIsVisible = 0;
			defaultConfigurationName = Release;
		};
		A6183ECE23DA84CD0031731B /* Build configuration list for PBXNativeTarget "flixsterTests" */ = {
			isa = XCConfigurationList;
			buildConfigurations = (
				A6183ECF23DA84CD0031731B /* Debug */,
				A6183ED023DA84CD0031731B /* Release */,
			);
			defaultConfigurationIsVisible = 0;
			defaultConfigurationName = Release;
		};
		A6183ED123DA84CD0031731B /* Build configuration list for PBXNativeTarget "flixsterUITests" */ = {
			isa = XCConfigurationList;
			buildConfigurations = (
				A6183ED223DA84CD0031731B /* Debug */,
				A6183ED323DA84CD0031731B /* Release */,
			);
			defaultConfigurationIsVisible = 0;
			defaultConfigurationName = Release;
		};
/* End XCConfigurationList section */
	};
	rootObject = A6183E9923DA84C20031731B /* Project object */;
}
